
Microsoft Visual Studio Solution File, Format Version 12.00
# Visual Studio 14
VisualStudioVersion = 14.0.25420.1
MinimumVisualStudioVersion = 10.0.40219.1
Project("{FAE04EC0-301F-11D3-BF4B-00C04F79EFBC}") = "QGameCenter", "QGameCenter\QGameCenter.csproj", "{CA17DB1E-526A-440A-B9CA-7F73513FD0EE}"
EndProject
Project("{FAE04EC0-301F-11D3-BF4B-00C04F79EFBC}") = "QConnection", "QConnection\QConnection.csproj", "{4F98FD80-FAA4-4F65-BF72-ABBC9EED7365}"
EndProject
Project("{FAE04EC0-301F-11D3-BF4B-00C04F79EFBC}") = "QProtocols", "QProtocols\QProtocols.csproj", "{204E0A6B-D029-4115-81DA-7D63FB230E54}"
EndProject
Project("{FAE04EC0-301F-11D3-BF4B-00C04F79EFBC}") = "QData", "QData\QData.csproj", "{723DD43F-A72A-4E1A-A1E8-7C5C727239CF}"
EndProject
Project("{FAE04EC0-301F-11D3-BF4B-00C04F79EFBC}") = "QGameCenterLogic", "QGameCenterLogic\QGameCenterLogic.csproj", "{009C2A0D-3CC4-42DF-BB59-1888B3276EFD}"
EndProject
Project("{FAE04EC0-301F-11D3-BF4B-00C04F79EFBC}") = "QGameManager", "QGameManager\QGameManager.csproj", "{6017221D-6D3F-471F-8251-C7F22153F3B0}"
EndProject
Project("{FAE04EC0-301F-11D3-BF4B-00C04F79EFBC}") = "QClient", "QClient\QClient.csproj", "{9FC75DD6-E3EC-4F9E-8315-6AE50691FC96}"
EndProject
Project("{FAE04EC0-301F-11D3-BF4B-00C04F79EFBC}") = "QBuild", "QBuild\QBuild.csproj", "{0EDE72E2-98C4-4D51-A95B-8482DEA85B13}"
EndProject
Project("{FAE04EC0-301F-11D3-BF4B-00C04F79EFBC}") = "QHTankGame", "QHTankGame\QHTankGame.csproj", "{033F1D8F-A55B-41F1-B675-816396720FD3}"
EndProject
Project("{FAE04EC0-301F-11D3-BF4B-00C04F79EFBC}") = "QVTankGame", "QVTankGame\QVTankGame.csproj", "{90F73BFD-363F-45EC-9B7B-DFBCBDA7E1DB}"
EndProject
Project("{FAE04EC0-301F-11D3-BF4B-00C04F79EFBC}") = "QHorseGame", "QHorseGame\QHorseGame.csproj", "{1B8CB704-D810-4073-A692-E1BCB5A05E12}"
EndProject
Project("{FAE04EC0-301F-11D3-BF4B-00C04F79EFBC}") = "QXMLFileView", "QXMLFileView\QXMLFileView.csproj", "{A0FC539D-A871-4757-A5CD-13ED53BDB4A7}"
EndProject
Project("{FAE04EC0-301F-11D3-BF4B-00C04F79EFBC}") = "QVRKart", "QVRKart\QVRKart.csproj", "{7B046C40-CAB9-4446-82A3-F964F616DE03}"
EndProject
Project("{FAE04EC0-301F-11D3-BF4B-00C04F79EFBC}") = "QEventStatistics", "QEventStatistics\QEventStatistics.csproj", "{3F2D7B88-CD1B-4343-85A1-D63516125704}"
EndProject
Project("{FAE04EC0-301F-11D3-BF4B-00C04F79EFBC}") = "QSetIP", "QSetIP\QSetIP.csproj", "{5F56013C-B533-4E86-A771-F2AE8A695CA7}"
EndProject
Project("{FAE04EC0-301F-11D3-BF4B-00C04F79EFBC}") = "TestEnv", "TestEnv\TestEnv.csproj", "{2A62A6FE-A130-462D-95FF-B02DBADA1325}"
EndProject
Project("{FAE04EC0-301F-11D3-BF4B-00C04F79EFBC}") = "QControlManager", "QControlManager\QControlManager.csproj", "{94482ABE-2BA7-444C-9F91-970E8AC60A97}"
EndProject
Project("{FAE04EC0-301F-11D3-BF4B-00C04F79EFBC}") = "QControlService", "QControlService\QControlService.csproj", "{C3DD8C15-ED89-49E5-ABAF-B32CE861D29B}"
EndProject
Project("{FAE04EC0-301F-11D3-BF4B-00C04F79EFBC}") = "QUpdateGame", "QUpdateGame\QUpdateGame.csproj", "{FD7FCD55-D87A-4974-B439-725C20917440}"
EndProject
Project("{FAE04EC0-301F-11D3-BF4B-00C04F79EFBC}") = "QFightCardGame", "QFightCardGame\QFightCardGame.csproj", "{EC333BAF-AB4A-44AB-A654-C8677E6CC30C}"
EndProject
Global
	GlobalSection(SolutionConfigurationPlatforms) = preSolution
		Debug|Any CPU = Debug|Any CPU
		Release|Any CPU = Release|Any CPU
	EndGlobalSection
	GlobalSection(ProjectConfigurationPlatforms) = postSolution
		{CA17DB1E-526A-440A-B9CA-7F73513FD0EE}.Debug|Any CPU.ActiveCfg = Debug|Any CPU
		{CA17DB1E-526A-440A-B9CA-7F73513FD0EE}.Debug|Any CPU.Build.0 = Debug|Any CPU
		{CA17DB1E-526A-440A-B9CA-7F73513FD0EE}.Release|Any CPU.ActiveCfg = Release|Any CPU
		{CA17DB1E-526A-440A-B9CA-7F73513FD0EE}.Release|Any CPU.Build.0 = Release|Any CPU
		{4F98FD80-FAA4-4F65-BF72-ABBC9EED7365}.Debug|Any CPU.ActiveCfg = Debug|Any CPU
		{4F98FD80-FAA4-4F65-BF72-ABBC9EED7365}.Debug|Any CPU.Build.0 = Debug|Any CPU
		{4F98FD80-FAA4-4F65-BF72-ABBC9EED7365}.Release|Any CPU.ActiveCfg = Release|Any CPU
		{4F98FD80-FAA4-4F65-BF72-ABBC9EED7365}.Release|Any CPU.Build.0 = Release|Any CPU
		{204E0A6B-D029-4115-81DA-7D63FB230E54}.Debug|Any CPU.ActiveCfg = Debug|Any CPU
		{204E0A6B-D029-4115-81DA-7D63FB230E54}.Debug|Any CPU.Build.0 = Debug|Any CPU
		{204E0A6B-D029-4115-81DA-7D63FB230E54}.Release|Any CPU.ActiveCfg = Release|Any CPU
		{204E0A6B-D029-4115-81DA-7D63FB230E54}.Release|Any CPU.Build.0 = Release|Any CPU
		{723DD43F-A72A-4E1A-A1E8-7C5C727239CF}.Debug|Any CPU.ActiveCfg = Debug|Any CPU
		{723DD43F-A72A-4E1A-A1E8-7C5C727239CF}.Debug|Any CPU.Build.0 = Debug|Any CPU
		{723DD43F-A72A-4E1A-A1E8-7C5C727239CF}.Release|Any CPU.ActiveCfg = Release|Any CPU
		{723DD43F-A72A-4E1A-A1E8-7C5C727239CF}.Release|Any CPU.Build.0 = Release|Any CPU
		{009C2A0D-3CC4-42DF-BB59-1888B3276EFD}.Debug|Any CPU.ActiveCfg = Debug|Any CPU
		{009C2A0D-3CC4-42DF-BB59-1888B3276EFD}.Debug|Any CPU.Build.0 = Debug|Any CPU
		{009C2A0D-3CC4-42DF-BB59-1888B3276EFD}.Release|Any CPU.ActiveCfg = Release|Any CPU
		{009C2A0D-3CC4-42DF-BB59-1888B3276EFD}.Release|Any CPU.Build.0 = Release|Any CPU
		{6017221D-6D3F-471F-8251-C7F22153F3B0}.Debug|Any CPU.ActiveCfg = Debug|Any CPU
		{6017221D-6D3F-471F-8251-C7F22153F3B0}.Debug|Any CPU.Build.0 = Debug|Any CPU
		{6017221D-6D3F-471F-8251-C7F22153F3B0}.Release|Any CPU.ActiveCfg = Release|Any CPU
		{6017221D-6D3F-471F-8251-C7F22153F3B0}.Release|Any CPU.Build.0 = Release|Any CPU
		{9FC75DD6-E3EC-4F9E-8315-6AE50691FC96}.Debug|Any CPU.ActiveCfg = Debug|Any CPU
		{9FC75DD6-E3EC-4F9E-8315-6AE50691FC96}.Debug|Any CPU.Build.0 = Debug|Any CPU
		{9FC75DD6-E3EC-4F9E-8315-6AE50691FC96}.Release|Any CPU.ActiveCfg = Release|Any CPU
		{9FC75DD6-E3EC-4F9E-8315-6AE50691FC96}.Release|Any CPU.Build.0 = Release|Any CPU
		{0EDE72E2-98C4-4D51-A95B-8482DEA85B13}.Debug|Any CPU.ActiveCfg = Debug|Any CPU
		{0EDE72E2-98C4-4D51-A95B-8482DEA85B13}.Debug|Any CPU.Build.0 = Debug|Any CPU
		{0EDE72E2-98C4-4D51-A95B-8482DEA85B13}.Release|Any CPU.ActiveCfg = Release|Any CPU
		{0EDE72E2-98C4-4D51-A95B-8482DEA85B13}.Release|Any CPU.Build.0 = Release|Any CPU
		{033F1D8F-A55B-41F1-B675-816396720FD3}.Debug|Any CPU.ActiveCfg = Debug|Any CPU
		{033F1D8F-A55B-41F1-B675-816396720FD3}.Debug|Any CPU.Build.0 = Debug|Any CPU
		{033F1D8F-A55B-41F1-B675-816396720FD3}.Release|Any CPU.ActiveCfg = Release|Any CPU
		{033F1D8F-A55B-41F1-B675-816396720FD3}.Release|Any CPU.Build.0 = Release|Any CPU
		{90F73BFD-363F-45EC-9B7B-DFBCBDA7E1DB}.Debug|Any CPU.ActiveCfg = Debug|Any CPU
		{90F73BFD-363F-45EC-9B7B-DFBCBDA7E1DB}.Debug|Any CPU.Build.0 = Debug|Any CPU
		{90F73BFD-363F-45EC-9B7B-DFBCBDA7E1DB}.Release|Any CPU.ActiveCfg = Release|Any CPU
		{90F73BFD-363F-45EC-9B7B-DFBCBDA7E1DB}.Release|Any CPU.Build.0 = Release|Any CPU
		{1B8CB704-D810-4073-A692-E1BCB5A05E12}.Debug|Any CPU.ActiveCfg = Debug|Any CPU
		{1B8CB704-D810-4073-A692-E1BCB5A05E12}.Debug|Any CPU.Build.0 = Debug|Any CPU
		{1B8CB704-D810-4073-A692-E1BCB5A05E12}.Release|Any CPU.ActiveCfg = Release|Any CPU
		{1B8CB704-D810-4073-A692-E1BCB5A05E12}.Release|Any CPU.Build.0 = Release|Any CPU
		{A0FC539D-A871-4757-A5CD-13ED53BDB4A7}.Debug|Any CPU.ActiveCfg = Debug|Any CPU
		{A0FC539D-A871-4757-A5CD-13ED53BDB4A7}.Debug|Any CPU.Build.0 = Debug|Any CPU
		{A0FC539D-A871-4757-A5CD-13ED53BDB4A7}.Release|Any CPU.ActiveCfg = Release|Any CPU
		{A0FC539D-A871-4757-A5CD-13ED53BDB4A7}.Release|Any CPU.Build.0 = Release|Any CPU
		{7B046C40-CAB9-4446-82A3-F964F616DE03}.Debug|Any CPU.ActiveCfg = Debug|Any CPU
		{7B046C40-CAB9-4446-82A3-F964F616DE03}.Debug|Any CPU.Build.0 = Debug|Any CPU
		{7B046C40-CAB9-4446-82A3-F964F616DE03}.Release|Any CPU.ActiveCfg = Release|Any CPU
		{7B046C40-CAB9-4446-82A3-F964F616DE03}.Release|Any CPU.Build.0 = Release|Any CPU
		{3F2D7B88-CD1B-4343-85A1-D63516125704}.Debug|Any CPU.ActiveCfg = Debug|Any CPU
		{3F2D7B88-CD1B-4343-85A1-D63516125704}.Debug|Any CPU.Build.0 = Debug|Any CPU
		{3F2D7B88-CD1B-4343-85A1-D63516125704}.Release|Any CPU.ActiveCfg = Release|Any CPU
		{3F2D7B88-CD1B-4343-85A1-D63516125704}.Release|Any CPU.Build.0 = Release|Any CPU
		{5F56013C-B533-4E86-A771-F2AE8A695CA7}.Debug|Any CPU.ActiveCfg = Debug|Any CPU
		{5F56013C-B533-4E86-A771-F2AE8A695CA7}.Debug|Any CPU.Build.0 = Debug|Any CPU
		{5F56013C-B533-4E86-A771-F2AE8A695CA7}.Release|Any CPU.ActiveCfg = Release|Any CPU
		{5F56013C-B533-4E86-A771-F2AE8A695CA7}.Release|Any CPU.Build.0 = Release|Any CPU
		{2A62A6FE-A130-462D-95FF-B02DBADA1325}.Debug|Any CPU.ActiveCfg = Debug|Any CPU
		{2A62A6FE-A130-462D-95FF-B02DBADA1325}.Debug|Any CPU.Build.0 = Debug|Any CPU
		{2A62A6FE-A130-462D-95FF-B02DBADA1325}.Release|Any CPU.ActiveCfg = Release|Any CPU
		{2A62A6FE-A130-462D-95FF-B02DBADA1325}.Release|Any CPU.Build.0 = Release|Any CPU
		{94482ABE-2BA7-444C-9F91-970E8AC60A97}.Debug|Any CPU.ActiveCfg = Debug|Any CPU
		{94482ABE-2BA7-444C-9F91-970E8AC60A97}.Debug|Any CPU.Build.0 = Debug|Any CPU
		{94482ABE-2BA7-444C-9F91-970E8AC60A97}.Release|Any CPU.ActiveCfg = Release|Any CPU
		{94482ABE-2BA7-444C-9F91-970E8AC60A97}.Release|Any CPU.Build.0 = Release|Any CPU
		{C3DD8C15-ED89-49E5-ABAF-B32CE861D29B}.Debug|Any CPU.ActiveCfg = Debug|Any CPU
		{C3DD8C15-ED89-49E5-ABAF-B32CE861D29B}.Debug|Any CPU.Build.0 = Debug|Any CPU
		{C3DD8C15-ED89-49E5-ABAF-B32CE861D29B}.Release|Any CPU.ActiveCfg = Release|Any CPU
		{C3DD8C15-ED89-49E5-ABAF-B32CE861D29B}.Release|Any CPU.Build.0 = Release|Any CPU
		{FD7FCD55-D87A-4974-B439-725C20917440}.Debug|Any CPU.ActiveCfg = Debug|Any CPU
		{FD7FCD55-D87A-4974-B439-725C20917440}.Debug|Any CPU.Build.0 = Debug|Any CPU
		{FD7FCD55-D87A-4974-B439-725C20917440}.Release|Any CPU.ActiveCfg = Release|Any CPU
		{FD7FCD55-D87A-4974-B439-725C20917440}.Release|Any CPU.Build.0 = Release|Any CPU
		{EC333BAF-AB4A-44AB-A654-C8677E6CC30C}.Debug|Any CPU.ActiveCfg = Debug|Any CPU
		{EC333BAF-AB4A-44AB-A654-C8677E6CC30C}.Debug|Any CPU.Build.0 = Debug|Any CPU
		{EC333BAF-AB4A-44AB-A654-C8677E6CC30C}.Release|Any CPU.ActiveCfg = Release|Any CPU
		{EC333BAF-AB4A-44AB-A654-C8677E6CC30C}.Release|Any CPU.Build.0 = Release|Any CPU
	EndGlobalSection
	GlobalSection(SolutionProperties) = preSolution
		HideSolutionNode = FALSE
	EndGlobalSection
EndGlobal
